
Microsoft Visual Studio Solution File, Format Version 12.00
# Visual Studio 2012
Project("{FAE04EC0-301F-11D3-BF4B-00C04F79EFBC}") = "Madtrix.Factories", "Madtrix.Factories\Madtrix.Factories.csproj", "{9F5B5D78-9C20-4990-A3CE-6B70F3F3C70C}"
EndProject
Project("{FAE04EC0-301F-11D3-BF4B-00C04F79EFBC}") = "Madtrix.GameInterface", "Madtrix.GameInterface\Madtrix.GameInterface.csproj", "{DF2DC940-E847-45A2-AE65-E3B3EB057EF3}"
EndProject
Project("{FAE04EC0-301F-11D3-BF4B-00C04F79EFBC}") = "Madtrix.Tests", "Madtrix.Tests\Madtrix.Tests.csproj", "{037B5FD8-3C8C-4A09-A546-7F23C14E4548}"
EndProject
Global
	GlobalSection(SolutionConfigurationPlatforms) = preSolution
		Debug|Any CPU = Debug|Any CPU
		Release|Any CPU = Release|Any CPU
	EndGlobalSection
	GlobalSection(ProjectConfigurationPlatforms) = postSolution
		{9F5B5D78-9C20-4990-A3CE-6B70F3F3C70C}.Debug|Any CPU.ActiveCfg = Debug|Any CPU
		{9F5B5D78-9C20-4990-A3CE-6B70F3F3C70C}.Debug|Any CPU.Build.0 = Debug|Any CPU
		{9F5B5D78-9C20-4990-A3CE-6B70F3F3C70C}.Release|Any CPU.ActiveCfg = Release|Any CPU
		{9F5B5D78-9C20-4990-A3CE-6B70F3F3C70C}.Release|Any CPU.Build.0 = Release|Any CPU
		{DF2DC940-E847-45A2-AE65-E3B3EB057EF3}.Debug|Any CPU.ActiveCfg = Debug|Any CPU
		{DF2DC940-E847-45A2-AE65-E3B3EB057EF3}.Debug|Any CPU.Build.0 = Debug|Any CPU
		{DF2DC940-E847-45A2-AE65-E3B3EB057EF3}.Release|Any CPU.ActiveCfg = Release|Any CPU
		{DF2DC940-E847-45A2-AE65-E3B3EB057EF3}.Release|Any CPU.Build.0 = Release|Any CPU
		{037B5FD8-3C8C-4A09-A546-7F23C14E4548}.Debug|Any CPU.ActiveCfg = Debug|Any CPU
		{037B5FD8-3C8C-4A09-A546-7F23C14E4548}.Debug|Any CPU.Build.0 = Debug|Any CPU
		{037B5FD8-3C8C-4A09-A546-7F23C14E4548}.Release|Any CPU.ActiveCfg = Release|Any CPU
		{037B5FD8-3C8C-4A09-A546-7F23C14E4548}.Release|Any CPU.Build.0 = Release|Any CPU
	EndGlobalSection
	GlobalSection(SolutionProperties) = preSolution
		HideSolutionNode = FALSE
	EndGlobalSection
EndGlobal
